
Microsoft Visual Studio Solution File, Format Version 12.00
# Visual Studio 15
VisualStudioVersion = 15.0.27130.2036
MinimumVisualStudioVersion = 10.0.40219.1
Project("{2150E333-8FDC-42A3-9474-1A3956D46DE8}") = "Solution Items", "Solution Items", "{93044D9C-051C-4ADC-8C23-4C0D5D11B782}"
	ProjectSection(SolutionItems) = preProject
		.editorconfig = .editorconfig
		.gitattributes = .gitattributes
		.gitignore = .gitignore
		appveyor.yml = appveyor.yml
		build.cake = build.cake
		build.ps1 = build.ps1
		build.sh = build.sh
		LICENSE.md = LICENSE.md
		README.md = README.md
	EndProjectSection
EndProject
Project("{2150E333-8FDC-42A3-9474-1A3956D46DE8}") = "src", "src", "{58FF59E0-5075-4474-A9C6-948966478955}"
EndProject
Project("{9A19103F-16F7-4668-BE54-9A1E7A4F7556}") = "Stubbl.Identity", "src\Stubbl.Identity\Stubbl.Identity.csproj", "{F81C45C4-C1B8-494F-8810-7E9912977973}"
EndProject
Project("{9A19103F-16F7-4668-BE54-9A1E7A4F7556}") = "Stubbl.Identity.MvcClient", "src\Stubbl.Identity.MvcClient\Stubbl.Identity.MvcClient.csproj", "{5F600B03-9DA6-4022-B6AE-8504FAC00BA5}"
EndProject
Project("{FAE04EC0-301F-11D3-BF4B-00C04F79EFBC}") = "Gunnsoft.Common", "src\Gunnsoft.Common\Gunnsoft.Common.csproj", "{44CCE75F-193E-4E34-9AC5-16B1BF4F407C}"
EndProject
Project("{9A19103F-16F7-4668-BE54-9A1E7A4F7556}") = "Gunnsoft.AspNetCore.Identity.MongoDB", "src\Gunnsoft.AspNetCore.Identity.MongoDB\Gunnsoft.AspNetCore.Identity.MongoDB.csproj", "{65F01628-D1F5-4B7D-9459-D32540D72303}"
EndProject
Project("{9A19103F-16F7-4668-BE54-9A1E7A4F7556}") = "Gunnsoft.IdentityServer.Stores.MongoDB", "src\Gunnsoft.IdentityServer.Stores.MongoDB\Gunnsoft.IdentityServer.Stores.MongoDB.csproj", "{A38DEF26-76E3-46D2-B11C-6151C90A1C93}"
EndProject
Global
	GlobalSection(SolutionConfigurationPlatforms) = preSolution
		Debug|Any CPU = Debug|Any CPU
		Release|Any CPU = Release|Any CPU
	EndGlobalSection
	GlobalSection(ProjectConfigurationPlatforms) = postSolution
		{F81C45C4-C1B8-494F-8810-7E9912977973}.Debug|Any CPU.ActiveCfg = Debug|Any CPU
		{F81C45C4-C1B8-494F-8810-7E9912977973}.Debug|Any CPU.Build.0 = Debug|Any CPU
		{F81C45C4-C1B8-494F-8810-7E9912977973}.Release|Any CPU.ActiveCfg = Release|Any CPU
		{F81C45C4-C1B8-494F-8810-7E9912977973}.Release|Any CPU.Build.0 = Release|Any CPU
		{5F600B03-9DA6-4022-B6AE-8504FAC00BA5}.Debug|Any CPU.ActiveCfg = Debug|Any CPU
		{5F600B03-9DA6-4022-B6AE-8504FAC00BA5}.Debug|Any CPU.Build.0 = Debug|Any CPU
		{5F600B03-9DA6-4022-B6AE-8504FAC00BA5}.Release|Any CPU.ActiveCfg = Release|Any CPU
		{5F600B03-9DA6-4022-B6AE-8504FAC00BA5}.Release|Any CPU.Build.0 = Release|Any CPU
		{44CCE75F-193E-4E34-9AC5-16B1BF4F407C}.Debug|Any CPU.ActiveCfg = Debug|Any CPU
		{44CCE75F-193E-4E34-9AC5-16B1BF4F407C}.Debug|Any CPU.Build.0 = Debug|Any CPU
		{44CCE75F-193E-4E34-9AC5-16B1BF4F407C}.Release|Any CPU.ActiveCfg = Release|Any CPU
		{44CCE75F-193E-4E34-9AC5-16B1BF4F407C}.Release|Any CPU.Build.0 = Release|Any CPU
		{65F01628-D1F5-4B7D-9459-D32540D72303}.Debug|Any CPU.ActiveCfg = Debug|Any CPU
		{65F01628-D1F5-4B7D-9459-D32540D72303}.Debug|Any CPU.Build.0 = Debug|Any CPU
		{65F01628-D1F5-4B7D-9459-D32540D72303}.Release|Any CPU.ActiveCfg = Release|Any CPU
		{65F01628-D1F5-4B7D-9459-D32540D72303}.Release|Any CPU.Build.0 = Release|Any CPU
		{A38DEF26-76E3-46D2-B11C-6151C90A1C93}.Debug|Any CPU.ActiveCfg = Debug|Any CPU
		{A38DEF26-76E3-46D2-B11C-6151C90A1C93}.Debug|Any CPU.Build.0 = Debug|Any CPU
		{A38DEF26-76E3-46D2-B11C-6151C90A1C93}.Release|Any CPU.ActiveCfg = Release|Any CPU
		{A38DEF26-76E3-46D2-B11C-6151C90A1C93}.Release|Any CPU.Build.0 = Release|Any CPU
	EndGlobalSection
	GlobalSection(SolutionProperties) = preSolution
		HideSolutionNode = FALSE
	EndGlobalSection
	GlobalSection(NestedProjects) = preSolution
		{F81C45C4-C1B8-494F-8810-7E9912977973} = {58FF59E0-5075-4474-A9C6-948966478955}
		{5F600B03-9DA6-4022-B6AE-8504FAC00BA5} = {58FF59E0-5075-4474-A9C6-948966478955}
		{44CCE75F-193E-4E34-9AC5-16B1BF4F407C} = {58FF59E0-5075-4474-A9C6-948966478955}
		{65F01628-D1F5-4B7D-9459-D32540D72303} = {58FF59E0-5075-4474-A9C6-948966478955}
		{A38DEF26-76E3-46D2-B11C-6151C90A1C93} = {58FF59E0-5075-4474-A9C6-948966478955}
	EndGlobalSection
	GlobalSection(ExtensibilityGlobals) = postSolution
		SolutionGuid = {BE398171-D7C7-4355-A7D9-9ECA748F92A3}
	EndGlobalSection
EndGlobal
