
Microsoft Visual Studio Solution File, Format Version 12.00
# Visual Studio 15
VisualStudioVersion = 15.0.27004.2010
MinimumVisualStudioVersion = 10.0.40219.1
Project("{2150E333-8FDC-42A3-9474-1A3956D46DE8}") = "Solution Items", "Solution Items", "{93044D9C-051C-4ADC-8C23-4C0D5D11B782}"
	ProjectSection(SolutionItems) = preProject
		.editorconfig = .editorconfig
		.gitattributes = .gitattributes
		.gitignore = .gitignore
		appveyor.yml = appveyor.yml
		build.cake = build.cake
		build.ps1 = build.ps1
		build.sh = build.sh
		LICENSE.md = LICENSE.md
		README.md = README.md
	EndProjectSection
EndProject
Project("{2150E333-8FDC-42A3-9474-1A3956D46DE8}") = "src", "src", "{58FF59E0-5075-4474-A9C6-948966478955}"
EndProject
Project("{FAE04EC0-301F-11D3-BF4B-00C04F79EFBC}") = "Stubbl.Identity", "src\Stubbl.Identity\Stubbl.Identity.csproj", "{F81C45C4-C1B8-494F-8810-7E9912977973}"
EndProject
Project("{9A19103F-16F7-4668-BE54-9A1E7A4F7556}") = "CodeContrib.AspNetCore.Identity.MongoDB", "src\CodeContrib.AspNetCore.Identity.MongoDB\CodeContrib.AspNetCore.Identity.MongoDB.csproj", "{68682F8F-9D59-4DBB-90AC-51E29A37ED6F}"
EndProject
Project("{FAE04EC0-301F-11D3-BF4B-00C04F79EFBC}") = "Stubbl.Identity.MvcClient", "src\Stubbl.Identity.MvcClient\Stubbl.Identity.MvcClient.csproj", "{5F600B03-9DA6-4022-B6AE-8504FAC00BA5}"
EndProject
Global
	GlobalSection(SolutionConfigurationPlatforms) = preSolution
		Debug|Any CPU = Debug|Any CPU
		Release|Any CPU = Release|Any CPU
	EndGlobalSection
	GlobalSection(ProjectConfigurationPlatforms) = postSolution
		{F81C45C4-C1B8-494F-8810-7E9912977973}.Debug|Any CPU.ActiveCfg = Debug|Any CPU
		{F81C45C4-C1B8-494F-8810-7E9912977973}.Debug|Any CPU.Build.0 = Debug|Any CPU
		{F81C45C4-C1B8-494F-8810-7E9912977973}.Release|Any CPU.ActiveCfg = Release|Any CPU
		{F81C45C4-C1B8-494F-8810-7E9912977973}.Release|Any CPU.Build.0 = Release|Any CPU
		{68682F8F-9D59-4DBB-90AC-51E29A37ED6F}.Debug|Any CPU.ActiveCfg = Debug|Any CPU
		{68682F8F-9D59-4DBB-90AC-51E29A37ED6F}.Debug|Any CPU.Build.0 = Debug|Any CPU
		{68682F8F-9D59-4DBB-90AC-51E29A37ED6F}.Release|Any CPU.ActiveCfg = Release|Any CPU
		{68682F8F-9D59-4DBB-90AC-51E29A37ED6F}.Release|Any CPU.Build.0 = Release|Any CPU
		{5F600B03-9DA6-4022-B6AE-8504FAC00BA5}.Debug|Any CPU.ActiveCfg = Debug|Any CPU
		{5F600B03-9DA6-4022-B6AE-8504FAC00BA5}.Debug|Any CPU.Build.0 = Debug|Any CPU
		{5F600B03-9DA6-4022-B6AE-8504FAC00BA5}.Release|Any CPU.ActiveCfg = Release|Any CPU
		{5F600B03-9DA6-4022-B6AE-8504FAC00BA5}.Release|Any CPU.Build.0 = Release|Any CPU
	EndGlobalSection
	GlobalSection(SolutionProperties) = preSolution
		HideSolutionNode = FALSE
	EndGlobalSection
	GlobalSection(NestedProjects) = preSolution
		{F81C45C4-C1B8-494F-8810-7E9912977973} = {58FF59E0-5075-4474-A9C6-948966478955}
		{68682F8F-9D59-4DBB-90AC-51E29A37ED6F} = {58FF59E0-5075-4474-A9C6-948966478955}
		{5F600B03-9DA6-4022-B6AE-8504FAC00BA5} = {58FF59E0-5075-4474-A9C6-948966478955}
	EndGlobalSection
	GlobalSection(ExtensibilityGlobals) = postSolution
		SolutionGuid = {BE398171-D7C7-4355-A7D9-9ECA748F92A3}
	EndGlobalSection
EndGlobal
